schema: '2.0'
stages:
  fetch_data:
    cmd: python fetch/fetch_data.py
    deps:
    - path: configs/config.yaml
      hash: md5
      md5: 049de0599370252b509ae141ac4143cc
      size: 3830
    - path: fetch/fetch_data.py
      hash: md5
      md5: c5991032c87a90f05edb9df342646c1d
      size: 7151
    outs:
    - path: data/fetch/processed_eurusd.parquet
      hash: md5
      md5: ffd80525fe013eac81e7726f3fdcbcde
      size: 24252
    - path: data/fetch/raw_eurusd.parquet
      hash: md5
      md5: ee1785bb5a97de5801611c8757c10b70
      size: 16084
  feature_engineering:
    cmd: python features/feature_engineering.py
    deps:
    - path: configs/config.yaml
      hash: md5
      md5: 049de0599370252b509ae141ac4143cc
      size: 3830
    - path: data/fetch/processed_eurusd.parquet
      hash: md5
      md5: ffd80525fe013eac81e7726f3fdcbcde
      size: 24252
    - path: features/feature_engineering.py
      hash: md5
      md5: 840771937c8e7d8d564962a3ef83f060
      size: 18430
    outs:
    - path: data/features/feature_columns.json
      hash: md5
      md5: 7041aceb6fdf2910b2bb6aaaab0dc671
      size: 2170
    - path: data/features/featured_eurusd.parquet
      hash: md5
      md5: 0d7fb7b94be9c2c916ccb7ca9c939135
      size: 204431
    - path: data/features/sequences.npz
      hash: md5
      md5: a0964604a4b6b087ac89d6606e8a4594
      size: 62870
  model_search:
    cmd: python training/search_models.py
    deps:
    - path: configs/config.yaml
      hash: md5
      md5: 049de0599370252b509ae141ac4143cc
      size: 3830
    - path: data/features/feature_columns.json
      hash: md5
      md5: 7041aceb6fdf2910b2bb6aaaab0dc671
      size: 2170
    - path: data/features/featured_eurusd.parquet
      hash: md5
      md5: 0d7fb7b94be9c2c916ccb7ca9c939135
      size: 204431
    - path: training/search_models.py
      hash: md5
      md5: 2afe3d721f03e2c9470c891c2bf7efc9
      size: 12693
    outs:
    - path: search_leaderboard.csv
      hash: md5
      md5: 64569036466b474cae2e4a555c85006b
      size: 1255
  hyperparameter_tuning:
    cmd: python training/hyperparameter_tuning.py --model RandomForest
    deps:
    - path: configs/config.yaml
      hash: md5
      md5: 049de0599370252b509ae141ac4143cc
      size: 3830
    - path: data/features/feature_columns.json
      hash: md5
      md5: 7041aceb6fdf2910b2bb6aaaab0dc671
      size: 2170
    - path: data/features/featured_eurusd.parquet
      hash: md5
      md5: 0d7fb7b94be9c2c916ccb7ca9c939135
      size: 204431
    - path: training/hyperparameter_tuning.py
      hash: md5
      md5: 4c8a6371eed1a9ec3e8b6c72a7f4daf6
      size: 18458
    outs:
    - path: best_params.json
      hash: md5
      md5: a2a10ed6bc1249036201bae7e8ee6377
      size: 216
