schema: '2.0'
stages:
  fetch_data:
    cmd: python fetch/fetch_data.py
    deps:
    - path: configs/config.yaml
      hash: md5
      md5: ff7d0bb6e7aefbfdae4f249cb4e39047
      size: 4503
    - path: fetch/fetch_data.py
      hash: md5
      md5: 722882361d1b1a19c9c578921be69a93
      size: 10473
    outs:
    - path: data/fetch/processed_eurusd.parquet
      hash: md5
      md5: 26896dd29aeffdc6192014c319ec0643
      size: 397130
    - path: data/fetch/raw_eurusd.parquet
      hash: md5
      md5: f255081f46783a6806cd492f6cf0b1a4
      size: 213076
  feature_engineering:
    cmd: python features/feature_engineering.py
    deps:
    - path: configs/config.yaml
      hash: md5
      md5: ff7d0bb6e7aefbfdae4f249cb4e39047
      size: 4503
    - path: data/fetch/processed_eurusd.parquet
      hash: md5
      md5: 26896dd29aeffdc6192014c319ec0643
      size: 397130
    - path: features/feature_engineering.py
      hash: md5
      md5: 29d66f28bbc1242be336b6d7fc686008
      size: 26792
    outs:
    - path: data/features/feature_columns.json
      hash: md5
      md5: 6e19686b8a3d8fddc788ab8ea8edae92
      size: 2521
    - path: data/features/featured_eurusd.parquet
      hash: md5
      md5: 37e53e441387d0adef79a86783d055e9
      size: 9330842
    - path: data/features/sequences.npz
      hash: md5
      md5: 117cfee56ea13b648351eef91ec002c1
      size: 6188536
  model_search:
    cmd: python training/search_models.py
    deps:
    - path: configs/config.yaml
      hash: md5
      md5: fad332221394f4312ba943321ed4d4b8
      size: 3823
    - path: data/features/feature_columns.json
      hash: md5
      md5: 7041aceb6fdf2910b2bb6aaaab0dc671
      size: 2170
    - path: data/features/featured_eurusd.parquet
      hash: md5
      md5: bc4b2a554e271c7a12925dad2e0450ac
      size: 148731
    - path: training/search_models.py
      hash: md5
      md5: 2afe3d721f03e2c9470c891c2bf7efc9
      size: 12693
    outs:
    - path: search_leaderboard.csv
      hash: md5
      md5: d605cfb7e0f677453d5020a9927bd6dc
      size: 1228
  hyperparameter_tuning:
    cmd: python training/hyperparameter_tuning.py --model RandomForest
    deps:
    - path: configs/config.yaml
      hash: md5
      md5: 049de0599370252b509ae141ac4143cc
      size: 3830
    - path: data/features/feature_columns.json
      hash: md5
      md5: 7041aceb6fdf2910b2bb6aaaab0dc671
      size: 2170
    - path: data/features/featured_eurusd.parquet
      hash: md5
      md5: 0d7fb7b94be9c2c916ccb7ca9c939135
      size: 204431
    - path: training/hyperparameter_tuning.py
      hash: md5
      md5: 4c8a6371eed1a9ec3e8b6c72a7f4daf6
      size: 18458
    outs:
    - path: best_params.json
      hash: md5
      md5: a2a10ed6bc1249036201bae7e8ee6377
      size: 216
  final_training:
    cmd: python training/train_final.py --model RandomForest
    deps:
    - path: best_params.json
      hash: md5
      md5: dbf4214e47632faa40bb4f32b48349fd
      size: 205
    - path: configs/config.yaml
      hash: md5
      md5: ff7d0bb6e7aefbfdae4f249cb4e39047
      size: 4503
    - path: data/features/feature_columns.json
      hash: md5
      md5: 6e19686b8a3d8fddc788ab8ea8edae92
      size: 2521
    - path: data/features/featured_eurusd.parquet
      hash: md5
      md5: 37e53e441387d0adef79a86783d055e9
      size: 9330842
    - path: training/train_final.py
      hash: md5
      md5: 8d6589a1abdfe4fde4021c25676ee43b
      size: 22925
    outs:
    - path: saved_models
      hash: md5
      md5: 1def7b0a4eed5580aa7b203ce3a34fea.dir
      size: 1106868
      nfiles: 2
  prediction:
    cmd: python predict.py
    deps:
    - path: configs/config.yaml
      hash: md5
      md5: f49c0e4fe68187d55ffcdd31a74e6042
      size: 3895
    - path: data/features/feature_columns.json
      hash: md5
      md5: 7041aceb6fdf2910b2bb6aaaab0dc671
      size: 2170
    - path: data/features/featured_eurusd.parquet
      hash: md5
      md5: b2e9cb899a6358622cd79d571c56badc
      size: 3620446
    - path: predict.py
      hash: md5
      md5: 889408fa876c3f8f6acdda2f570ccbc1
      size: 6813
